// !$*UTF8*$!
{
	archiveVersion = 1;
	classes = {
	};
	objectVersion = 55;
	objects = {

/* Begin PBXFileReference section */
		9678364B279BB01000BEFD5C /* 로또의 최고 순위와 최저 순위.swift */ = {isa = PBXFileReference; lastKnownFileType = sourcecode.swift; path = "로또의 최고 순위와 최저 순위.swift"; sourceTree = "<group>"; };
		9678364C279BB09700BEFD5C /* 크레인 인형뽑기 게임.swift */ = {isa = PBXFileReference; lastKnownFileType = sourcecode.swift; path = "크레인 인형뽑기 게임.swift"; sourceTree = "<group>"; };
		968C05B427A05DFA00BDA15B /* 신고 결과 받기.swift */ = {isa = PBXFileReference; lastKnownFileType = sourcecode.swift; path = "신고 결과 받기.swift"; sourceTree = "<group>"; };
		969C3E3A279AA499000C7519 /* 키패드누르기.swift */ = {isa = PBXFileReference; lastKnownFileType = sourcecode.swift; path = "키패드누르기.swift"; sourceTree = "<group>"; };
/* End PBXFileReference section */

/* Begin PBXGroup section */
		969C3E32279AA37C000C7519 = {
			isa = PBXGroup;
			children = (
				969C3E39279AA39F000C7519 /* Level1 */,
			);
			sourceTree = "<group>";
		};
		969C3E39279AA39F000C7519 /* Level1 */ = {
			isa = PBXGroup;
			children = (
				969C3E3A279AA499000C7519 /* 키패드누르기.swift */,
				9678364B279BB01000BEFD5C /* 로또의 최고 순위와 최저 순위.swift */,
				9678364C279BB09700BEFD5C /* 크레인 인형뽑기 게임.swift */,
				968C05B427A05DFA00BDA15B /* 신고 결과 받기.swift */,
			);
			path = Level1;
			sourceTree = "<group>";
		};
/* End PBXGroup section */

/* Begin PBXProject section */
		969C3E33279AA37C000C7519 /* Project object */ = {
			isa = PBXProject;
			attributes = {
				BuildIndependentTargetsInParallel = 1;
				LastUpgradeCheck = 1320;
			};
			buildConfigurationList = 969C3E36279AA37C000C7519 /* Build configuration list for PBXProject "ProgrammersCodingTest" */;
			compatibilityVersion = "Xcode 13.0";
			developmentRegion = en;
			hasScannedForEncodings = 0;
			knownRegions = (
				en,
				Base,
			);
			mainGroup = 969C3E32279AA37C000C7519;
			projectDirPath = "";
			projectRoot = "";
			targets = (
			);
		};
/* End PBXProject section */

/* Begin XCBuildConfiguration section */
		969C3E37279AA37C000C7519 /* Debug */ = {
			isa = XCBuildConfiguration;
			buildSettings = {
			};
			name = Debug;
		};
		969C3E38279AA37C000C7519 /* Release */ = {
			isa = XCBuildConfiguration;
			buildSettings = {
			};
			name = Release;
		};
/* End XCBuildConfiguration section */

/* Begin XCConfigurationList section */
		969C3E36279AA37C000C7519 /* Build configuration list for PBXProject "ProgrammersCodingTest" */ = {
			isa = XCConfigurationList;
			buildConfigurations = (
				969C3E37279AA37C000C7519 /* Debug */,
				969C3E38279AA37C000C7519 /* Release */,
			);
			defaultConfigurationIsVisible = 0;
			defaultConfigurationName = Release;
		};
/* End XCConfigurationList section */
	};
	rootObject = 969C3E33279AA37C000C7519 /* Project object */;
}
