// !$*UTF8*$!
{
	archiveVersion = 1;
	classes = {
	};
	objectVersion = 55;
	objects = {

/* Begin PBXFileReference section */
		960AFF07283F3C8300D98EFF /* 카펫.swift */ = {isa = PBXFileReference; lastKnownFileType = sourcecode.swift; path = "카펫.swift"; sourceTree = "<group>"; };
		960AFF08283F3CCA00D98EFF /* 소수 찾기.swift */ = {isa = PBXFileReference; lastKnownFileType = sourcecode.swift; path = "소수 찾기.swift"; sourceTree = "<group>"; };
		9637D2912830CAAC00C63408 /* n제곱 배열 자르기.swift */ = {isa = PBXFileReference; lastKnownFileType = sourcecode.swift; path = "n제곱 배열 자르기.swift"; sourceTree = "<group>"; };
		964125562841CC8E00AA1B2D /* 피로도.swift */ = {isa = PBXFileReference; lastKnownFileType = sourcecode.swift; path = "피로도.swift"; sourceTree = "<group>"; };
		9658ECBC2845CE720001D71F /* 점프와 순간이동.swift */ = {isa = PBXFileReference; lastKnownFileType = sourcecode.swift; path = "점프와 순간이동.swift"; sourceTree = "<group>"; };
		965AF7A1283CE5BE00BCE4F0 /* 다음 큰 숫자.swift */ = {isa = PBXFileReference; lastKnownFileType = sourcecode.swift; path = "다음 큰 숫자.swift"; sourceTree = "<group>"; };
		965AF7A2283CE6C700BCE4F0 /* 큰 수 만들기.swift */ = {isa = PBXFileReference; lastKnownFileType = sourcecode.swift; path = "큰 수 만들기.swift"; sourceTree = "<group>"; };
		965AF7A5283CED5C00BCE4F0 /* 방문 길이.swift */ = {isa = PBXFileReference; lastKnownFileType = sourcecode.swift; path = "방문 길이.swift"; sourceTree = "<group>"; };
		965AF7A6283CFA9D00BCE4F0 /* 가장 큰 정사각형 찾기.swift */ = {isa = PBXFileReference; lastKnownFileType = sourcecode.swift; path = "가장 큰 정사각형 찾기.swift"; sourceTree = "<group>"; };
		96776D6427A4FD8000D74584 /* 신규 아이디 추천.swift */ = {isa = PBXFileReference; lastKnownFileType = sourcecode.swift; path = "신규 아이디 추천.swift"; sourceTree = "<group>"; };
		96776D6727A4FDDF00D74584 /* 가장 큰 수.swift */ = {isa = PBXFileReference; lastKnownFileType = sourcecode.swift; path = "가장 큰 수.swift"; sourceTree = "<group>"; };
		9678364B279BB01000BEFD5C /* 로또의 최고 순위와 최저 순위.swift */ = {isa = PBXFileReference; lastKnownFileType = sourcecode.swift; path = "로또의 최고 순위와 최저 순위.swift"; sourceTree = "<group>"; };
		9678364C279BB09700BEFD5C /* 크레인 인형뽑기 게임.swift */ = {isa = PBXFileReference; lastKnownFileType = sourcecode.swift; path = "크레인 인형뽑기 게임.swift"; sourceTree = "<group>"; };
		968A30AE2847356E00A2BBB5 /* k진수에서 소수 갯수 구하기.swift */ = {isa = PBXFileReference; lastKnownFileType = sourcecode.swift; path = "k진수에서 소수 갯수 구하기.swift"; sourceTree = "<group>"; };
		968C05B427A05DFA00BDA15B /* 신고 결과 받기.swift */ = {isa = PBXFileReference; lastKnownFileType = sourcecode.swift; path = "신고 결과 받기.swift"; sourceTree = "<group>"; };
		968C05B527A05E9F00BDA15B /* 콜라츠 추측.swift */ = {isa = PBXFileReference; lastKnownFileType = sourcecode.swift; path = "콜라츠 추측.swift"; sourceTree = "<group>"; };
		968C05B627A05F1D00BDA15B /* 체육복.swift */ = {isa = PBXFileReference; lastKnownFileType = sourcecode.swift; path = "체육복.swift"; sourceTree = "<group>"; };
		969410BD284864CD00284497 /* 주차 요금 계산.swift */ = {isa = PBXFileReference; lastKnownFileType = sourcecode.swift; path = "주차 요금 계산.swift"; sourceTree = "<group>"; };
		96941BA928349D46002A1752 /* N개의 최소공배수.swift */ = {isa = PBXFileReference; lastKnownFileType = sourcecode.swift; path = "N개의 최소공배수.swift"; sourceTree = "<group>"; };
		969516162837446E0037C7BE /* 피보나치 수.swift */ = {isa = PBXFileReference; lastKnownFileType = sourcecode.swift; path = "피보나치 수.swift"; sourceTree = "<group>"; };
		969C3E3A279AA499000C7519 /* 키패드누르기.swift */ = {isa = PBXFileReference; lastKnownFileType = sourcecode.swift; path = "키패드누르기.swift"; sourceTree = "<group>"; };
		969D0D9428435DA600CE98E1 /* [1차] 프렌즈 4블록.swift */ = {isa = PBXFileReference; lastKnownFileType = sourcecode.swift; path = "[1차] 프렌즈 4블록.swift"; sourceTree = "<group>"; };
		969D0D962843629E00CE98E1 /* 9012 괄호.swift */ = {isa = PBXFileReference; lastKnownFileType = sourcecode.swift; path = "9012 괄호.swift"; sourceTree = "<group>"; };
		96AD5F2328CDD78E0040EDD4 /* 괄호 회전하기.swift */ = {isa = PBXFileReference; lastKnownFileType = sourcecode.swift; path = "괄호 회전하기.swift"; sourceTree = "<group>"; };
		96B5E2882849C46A00723969 /* 이진 변환 반복하기.swift */ = {isa = PBXFileReference; lastKnownFileType = sourcecode.swift; path = "이진 변환 반복하기.swift"; sourceTree = "<group>"; };
		96B9943C284485B600571EB1 /* [1차] 뉴스 클러스터링.swift */ = {isa = PBXFileReference; lastKnownFileType = sourcecode.swift; path = "[1차] 뉴스 클러스터링.swift"; sourceTree = "<group>"; };
		96F882942849CDA500BE2F72 /* 기능개발.swift */ = {isa = PBXFileReference; lastKnownFileType = sourcecode.swift; path = "기능개발.swift"; sourceTree = "<group>"; };
/* End PBXFileReference section */

/* Begin PBXGroup section */
		96776D6627A4FDCD00D74584 /* Level2 */ = {
			isa = PBXGroup;
			children = (
				96776D6727A4FDDF00D74584 /* 가장 큰 수.swift */,
				96AD5F2328CDD78E0040EDD4 /* 괄호 회전하기.swift */,
				9637D2912830CAAC00C63408 /* n제곱 배열 자르기.swift */,
				96941BA928349D46002A1752 /* N개의 최소공배수.swift */,
				969516162837446E0037C7BE /* 피보나치 수.swift */,
				965AF7A1283CE5BE00BCE4F0 /* 다음 큰 숫자.swift */,
				965AF7A2283CE6C700BCE4F0 /* 큰 수 만들기.swift */,
				965AF7A5283CED5C00BCE4F0 /* 방문 길이.swift */,
				965AF7A6283CFA9D00BCE4F0 /* 가장 큰 정사각형 찾기.swift */,
				960AFF07283F3C8300D98EFF /* 카펫.swift */,
				960AFF08283F3CCA00D98EFF /* 소수 찾기.swift */,
				964125562841CC8E00AA1B2D /* 피로도.swift */,
				969D0D9428435DA600CE98E1 /* [1차] 프렌즈 4블록.swift */,
				96B9943C284485B600571EB1 /* [1차] 뉴스 클러스터링.swift */,
				9658ECBC2845CE720001D71F /* 점프와 순간이동.swift */,
				968A30AE2847356E00A2BBB5 /* k진수에서 소수 갯수 구하기.swift */,
				969410BD284864CD00284497 /* 주차 요금 계산.swift */,
				96B5E2882849C46A00723969 /* 이진 변환 반복하기.swift */,
				96F882942849CDA500BE2F72 /* 기능개발.swift */,
			);
			path = Level2;
			sourceTree = "<group>";
		};
		969C3E32279AA37C000C7519 = {
			isa = PBXGroup;
			children = (
				969D0D952843625E00CE98E1 /* BaekJoon */,
				96776D6627A4FDCD00D74584 /* Level2 */,
				969C3E39279AA39F000C7519 /* Level1 */,
			);
			sourceTree = "<group>";
		};
		969C3E39279AA39F000C7519 /* Level1 */ = {
			isa = PBXGroup;
			children = (
				969C3E3A279AA499000C7519 /* 키패드누르기.swift */,
				9678364B279BB01000BEFD5C /* 로또의 최고 순위와 최저 순위.swift */,
				9678364C279BB09700BEFD5C /* 크레인 인형뽑기 게임.swift */,
				968C05B427A05DFA00BDA15B /* 신고 결과 받기.swift */,
				968C05B527A05E9F00BDA15B /* 콜라츠 추측.swift */,
				96776D6427A4FD8000D74584 /* 신규 아이디 추천.swift */,
				968C05B627A05F1D00BDA15B /* 체육복.swift */,
			);
			path = Level1;
			sourceTree = "<group>";
		};
		969D0D952843625E00CE98E1 /* BaekJoon */ = {
			isa = PBXGroup;
			children = (
				969D0D962843629E00CE98E1 /* 9012 괄호.swift */,
			);
			path = BaekJoon;
			sourceTree = "<group>";
		};
/* End PBXGroup section */

/* Begin PBXProject section */
		969C3E33279AA37C000C7519 /* Project object */ = {
			isa = PBXProject;
			attributes = {
				BuildIndependentTargetsInParallel = 1;
				LastUpgradeCheck = 1330;
			};
			buildConfigurationList = 969C3E36279AA37C000C7519 /* Build configuration list for PBXProject "ProgrammersCodingTest" */;
			compatibilityVersion = "Xcode 13.0";
			developmentRegion = en;
			hasScannedForEncodings = 0;
			knownRegions = (
				en,
				Base,
			);
			mainGroup = 969C3E32279AA37C000C7519;
			projectDirPath = "";
			projectRoot = "";
			targets = (
			);
		};
/* End PBXProject section */

/* Begin XCBuildConfiguration section */
		969C3E37279AA37C000C7519 /* Debug */ = {
			isa = XCBuildConfiguration;
			buildSettings = {
				CLANG_WARN_BLOCK_CAPTURE_AUTORELEASING = YES;
				CLANG_WARN_BOOL_CONVERSION = YES;
				CLANG_WARN_COMMA = YES;
				CLANG_WARN_CONSTANT_CONVERSION = YES;
				CLANG_WARN_DEPRECATED_OBJC_IMPLEMENTATIONS = YES;
				CLANG_WARN_EMPTY_BODY = YES;
				CLANG_WARN_ENUM_CONVERSION = YES;
				CLANG_WARN_INFINITE_RECURSION = YES;
				CLANG_WARN_INT_CONVERSION = YES;
				CLANG_WARN_NON_LITERAL_NULL_CONVERSION = YES;
				CLANG_WARN_OBJC_IMPLICIT_RETAIN_SELF = YES;
				CLANG_WARN_OBJC_LITERAL_CONVERSION = YES;
				CLANG_WARN_QUOTED_INCLUDE_IN_FRAMEWORK_HEADER = YES;
				CLANG_WARN_RANGE_LOOP_ANALYSIS = YES;
				CLANG_WARN_STRICT_PROTOTYPES = YES;
				CLANG_WARN_SUSPICIOUS_MOVE = YES;
				CLANG_WARN_UNREACHABLE_CODE = YES;
				CLANG_WARN__DUPLICATE_METHOD_MATCH = YES;
				ENABLE_STRICT_OBJC_MSGSEND = YES;
				ENABLE_TESTABILITY = YES;
				GCC_NO_COMMON_BLOCKS = YES;
				GCC_WARN_64_TO_32_BIT_CONVERSION = YES;
				GCC_WARN_ABOUT_RETURN_TYPE = YES;
				GCC_WARN_UNDECLARED_SELECTOR = YES;
				GCC_WARN_UNINITIALIZED_AUTOS = YES;
				GCC_WARN_UNUSED_FUNCTION = YES;
				GCC_WARN_UNUSED_VARIABLE = YES;
				ONLY_ACTIVE_ARCH = YES;
			};
			name = Debug;
		};
		969C3E38279AA37C000C7519 /* Release */ = {
			isa = XCBuildConfiguration;
			buildSettings = {
				CLANG_WARN_BLOCK_CAPTURE_AUTORELEASING = YES;
				CLANG_WARN_BOOL_CONVERSION = YES;
				CLANG_WARN_COMMA = YES;
				CLANG_WARN_CONSTANT_CONVERSION = YES;
				CLANG_WARN_DEPRECATED_OBJC_IMPLEMENTATIONS = YES;
				CLANG_WARN_EMPTY_BODY = YES;
				CLANG_WARN_ENUM_CONVERSION = YES;
				CLANG_WARN_INFINITE_RECURSION = YES;
				CLANG_WARN_INT_CONVERSION = YES;
				CLANG_WARN_NON_LITERAL_NULL_CONVERSION = YES;
				CLANG_WARN_OBJC_IMPLICIT_RETAIN_SELF = YES;
				CLANG_WARN_OBJC_LITERAL_CONVERSION = YES;
				CLANG_WARN_QUOTED_INCLUDE_IN_FRAMEWORK_HEADER = YES;
				CLANG_WARN_RANGE_LOOP_ANALYSIS = YES;
				CLANG_WARN_STRICT_PROTOTYPES = YES;
				CLANG_WARN_SUSPICIOUS_MOVE = YES;
				CLANG_WARN_UNREACHABLE_CODE = YES;
				CLANG_WARN__DUPLICATE_METHOD_MATCH = YES;
				ENABLE_STRICT_OBJC_MSGSEND = YES;
				GCC_NO_COMMON_BLOCKS = YES;
				GCC_WARN_64_TO_32_BIT_CONVERSION = YES;
				GCC_WARN_ABOUT_RETURN_TYPE = YES;
				GCC_WARN_UNDECLARED_SELECTOR = YES;
				GCC_WARN_UNINITIALIZED_AUTOS = YES;
				GCC_WARN_UNUSED_FUNCTION = YES;
				GCC_WARN_UNUSED_VARIABLE = YES;
			};
			name = Release;
		};
/* End XCBuildConfiguration section */

/* Begin XCConfigurationList section */
		969C3E36279AA37C000C7519 /* Build configuration list for PBXProject "ProgrammersCodingTest" */ = {
			isa = XCConfigurationList;
			buildConfigurations = (
				969C3E37279AA37C000C7519 /* Debug */,
				969C3E38279AA37C000C7519 /* Release */,
			);
			defaultConfigurationIsVisible = 0;
			defaultConfigurationName = Release;
		};
/* End XCConfigurationList section */
	};
	rootObject = 969C3E33279AA37C000C7519 /* Project object */;
}
